// !$*UTF8*$!
{
	archiveVersion = 1;
	classes = {
	};
	objectVersion = 56;
	objects = {

/* Begin PBXBuildFile section */
		0D0707892BA13F68002E46AD /* WelcomeView.swift in Sources */ = {isa = PBXBuildFile; fileRef = 0D0707882BA13F68002E46AD /* WelcomeView.swift */; };
		0D07078D2BA14B62002E46AD /* PickerView.swift in Sources */ = {isa = PBXBuildFile; fileRef = 0D07078C2BA14B62002E46AD /* PickerView.swift */; };
		0D07078F2BA14C07002E46AD /* WheelSectorViewModel.swift in Sources */ = {isa = PBXBuildFile; fileRef = 0D07078E2BA14C07002E46AD /* WheelSectorViewModel.swift */; };
		0D0707932BA16A15002E46AD /* inputListRowView.swift in Sources */ = {isa = PBXBuildFile; fileRef = 0D0707922BA16A15002E46AD /* inputListRowView.swift */; };
		0D0707952BA16ADA002E46AD /* WheelSectorModel.swift in Sources */ = {isa = PBXBuildFile; fileRef = 0D0707942BA16ADA002E46AD /* WheelSectorModel.swift */; };
		0D911A332BA2418A00ED1C09 /* inputView.swift in Sources */ = {isa = PBXBuildFile; fileRef = 0D911A322BA2418A00ED1C09 /* inputView.swift */; };
		0DF24EDB2B9FB97800FE4D27 /* SpinnerApp.swift in Sources */ = {isa = PBXBuildFile; fileRef = 0DF24EDA2B9FB97800FE4D27 /* SpinnerApp.swift */; };
		0DF24EDD2B9FB97800FE4D27 /* MainView.swift in Sources */ = {isa = PBXBuildFile; fileRef = 0DF24EDC2B9FB97800FE4D27 /* MainView.swift */; };
		0DF24EDF2B9FB97900FE4D27 /* Assets.xcassets in Resources */ = {isa = PBXBuildFile; fileRef = 0DF24EDE2B9FB97900FE4D27 /* Assets.xcassets */; };
		0DF24EE32B9FB97900FE4D27 /* Preview Assets.xcassets in Resources */ = {isa = PBXBuildFile; fileRef = 0DF24EE22B9FB97900FE4D27 /* Preview Assets.xcassets */; };
		0DF24EED2B9FB97900FE4D27 /* SpinnerTests.swift in Sources */ = {isa = PBXBuildFile; fileRef = 0DF24EEC2B9FB97900FE4D27 /* SpinnerTests.swift */; };
		0DF24EF72B9FB97900FE4D27 /* SpinnerUITests.swift in Sources */ = {isa = PBXBuildFile; fileRef = 0DF24EF62B9FB97900FE4D27 /* SpinnerUITests.swift */; };
		0DF24EF92B9FB97900FE4D27 /* SpinnerUITestsLaunchTests.swift in Sources */ = {isa = PBXBuildFile; fileRef = 0DF24EF82B9FB97900FE4D27 /* SpinnerUITestsLaunchTests.swift */; };
/* End PBXBuildFile section */

/* Begin PBXContainerItemProxy section */
		0DF24EE92B9FB97900FE4D27 /* PBXContainerItemProxy */ = {
			isa = PBXContainerItemProxy;
			containerPortal = 0DF24ECF2B9FB97800FE4D27 /* Project object */;
			proxyType = 1;
			remoteGlobalIDString = 0DF24ED62B9FB97800FE4D27;
			remoteInfo = Spinner;
		};
		0DF24EF32B9FB97900FE4D27 /* PBXContainerItemProxy */ = {
			isa = PBXContainerItemProxy;
			containerPortal = 0DF24ECF2B9FB97800FE4D27 /* Project object */;
			proxyType = 1;
			remoteGlobalIDString = 0DF24ED62B9FB97800FE4D27;
			remoteInfo = Spinner;
		};
/* End PBXContainerItemProxy section */

/* Begin PBXFileReference section */
		0D0707882BA13F68002E46AD /* WelcomeView.swift */ = {isa = PBXFileReference; lastKnownFileType = sourcecode.swift; path = WelcomeView.swift; sourceTree = "<group>"; };
		0D07078C2BA14B62002E46AD /* PickerView.swift */ = {isa = PBXFileReference; lastKnownFileType = sourcecode.swift; path = PickerView.swift; sourceTree = "<group>"; };
		0D07078E2BA14C07002E46AD /* WheelSectorViewModel.swift */ = {isa = PBXFileReference; lastKnownFileType = sourcecode.swift; path = WheelSectorViewModel.swift; sourceTree = "<group>"; };
		0D0707922BA16A15002E46AD /* inputListRowView.swift */ = {isa = PBXFileReference; lastKnownFileType = sourcecode.swift; path = inputListRowView.swift; sourceTree = "<group>"; };
		0D0707942BA16ADA002E46AD /* WheelSectorModel.swift */ = {isa = PBXFileReference; lastKnownFileType = sourcecode.swift; path = WheelSectorModel.swift; sourceTree = "<group>"; };
		0D911A322BA2418A00ED1C09 /* inputView.swift */ = {isa = PBXFileReference; lastKnownFileType = sourcecode.swift; path = inputView.swift; sourceTree = "<group>"; };
		0DF24ED72B9FB97800FE4D27 /* Spinner.app */ = {isa = PBXFileReference; explicitFileType = wrapper.application; includeInIndex = 0; path = Spinner.app; sourceTree = BUILT_PRODUCTS_DIR; };
		0DF24EDA2B9FB97800FE4D27 /* SpinnerApp.swift */ = {isa = PBXFileReference; lastKnownFileType = sourcecode.swift; path = SpinnerApp.swift; sourceTree = "<group>"; };
		0DF24EDC2B9FB97800FE4D27 /* MainView.swift */ = {isa = PBXFileReference; lastKnownFileType = sourcecode.swift; path = MainView.swift; sourceTree = "<group>"; };
		0DF24EDE2B9FB97900FE4D27 /* Assets.xcassets */ = {isa = PBXFileReference; lastKnownFileType = folder.assetcatalog; path = Assets.xcassets; sourceTree = "<group>"; };
		0DF24EE02B9FB97900FE4D27 /* Spinner.entitlements */ = {isa = PBXFileReference; lastKnownFileType = text.plist.entitlements; path = Spinner.entitlements; sourceTree = "<group>"; };
		0DF24EE22B9FB97900FE4D27 /* Preview Assets.xcassets */ = {isa = PBXFileReference; lastKnownFileType = folder.assetcatalog; path = "Preview Assets.xcassets"; sourceTree = "<group>"; };
		0DF24EE82B9FB97900FE4D27 /* SpinnerTests.xctest */ = {isa = PBXFileReference; explicitFileType = wrapper.cfbundle; includeInIndex = 0; path = SpinnerTests.xctest; sourceTree = BUILT_PRODUCTS_DIR; };
		0DF24EEC2B9FB97900FE4D27 /* SpinnerTests.swift */ = {isa = PBXFileReference; lastKnownFileType = sourcecode.swift; path = SpinnerTests.swift; sourceTree = "<group>"; };
		0DF24EF22B9FB97900FE4D27 /* SpinnerUITests.xctest */ = {isa = PBXFileReference; explicitFileType = wrapper.cfbundle; includeInIndex = 0; path = SpinnerUITests.xctest; sourceTree = BUILT_PRODUCTS_DIR; };
		0DF24EF62B9FB97900FE4D27 /* SpinnerUITests.swift */ = {isa = PBXFileReference; lastKnownFileType = sourcecode.swift; path = SpinnerUITests.swift; sourceTree = "<group>"; };
		0DF24EF82B9FB97900FE4D27 /* SpinnerUITestsLaunchTests.swift */ = {isa = PBXFileReference; lastKnownFileType = sourcecode.swift; path = SpinnerUITestsLaunchTests.swift; sourceTree = "<group>"; };
/* End PBXFileReference section */

/* Begin PBXFrameworksBuildPhase section */
		0DF24ED42B9FB97800FE4D27 /* Frameworks */ = {
			isa = PBXFrameworksBuildPhase;
			buildActionMask = 2147483647;
			files = (
			);
			runOnlyForDeploymentPostprocessing = 0;
		};
		0DF24EE52B9FB97900FE4D27 /* Frameworks */ = {
			isa = PBXFrameworksBuildPhase;
			buildActionMask = 2147483647;
			files = (
			);
			runOnlyForDeploymentPostprocessing = 0;
		};
		0DF24EEF2B9FB97900FE4D27 /* Frameworks */ = {
			isa = PBXFrameworksBuildPhase;
			buildActionMask = 2147483647;
			files = (
			);
			runOnlyForDeploymentPostprocessing = 0;
		};
/* End PBXFrameworksBuildPhase section */

/* Begin PBXGroup section */
		0D0707852BA13DBF002E46AD /* Models */ = {
			isa = PBXGroup;
			children = (
				0D0707942BA16ADA002E46AD /* WheelSectorModel.swift */,
			);
			path = Models;
			sourceTree = "<group>";
		};
		0D0707862BA13DCB002E46AD /* Views */ = {
			isa = PBXGroup;
			children = (
				0DF24EDC2B9FB97800FE4D27 /* MainView.swift */,
				0D0707882BA13F68002E46AD /* WelcomeView.swift */,
				0D07078C2BA14B62002E46AD /* PickerView.swift */,
				0D0707922BA16A15002E46AD /* inputListRowView.swift */,
				0D911A322BA2418A00ED1C09 /* inputView.swift */,
			);
			path = Views;
			sourceTree = "<group>";
		};
		0D0707872BA13DD7002E46AD /* ViewModels */ = {
			isa = PBXGroup;
			children = (
				0D07078E2BA14C07002E46AD /* WheelSectorViewModel.swift */,
			);
			path = ViewModels;
			sourceTree = "<group>";
		};
		0DF24ECE2B9FB97800FE4D27 = {
			isa = PBXGroup;
			children = (
				0DF24ED92B9FB97800FE4D27 /* Spinner */,
				0DF24EEB2B9FB97900FE4D27 /* SpinnerTests */,
				0DF24EF52B9FB97900FE4D27 /* SpinnerUITests */,
				0DF24ED82B9FB97800FE4D27 /* Products */,
			);
			sourceTree = "<group>";
		};
		0DF24ED82B9FB97800FE4D27 /* Products */ = {
			isa = PBXGroup;
			children = (
				0DF24ED72B9FB97800FE4D27 /* Spinner.app */,
				0DF24EE82B9FB97900FE4D27 /* SpinnerTests.xctest */,
				0DF24EF22B9FB97900FE4D27 /* SpinnerUITests.xctest */,
			);
			name = Products;
			sourceTree = "<group>";
		};
		0DF24ED92B9FB97800FE4D27 /* Spinner */ = {
			isa = PBXGroup;
			children = (
				0D0707872BA13DD7002E46AD /* ViewModels */,
				0D0707862BA13DCB002E46AD /* Views */,
				0D0707852BA13DBF002E46AD /* Models */,
				0DF24EDA2B9FB97800FE4D27 /* SpinnerApp.swift */,
				0DF24EDE2B9FB97900FE4D27 /* Assets.xcassets */,
				0DF24EE02B9FB97900FE4D27 /* Spinner.entitlements */,
				0DF24EE12B9FB97900FE4D27 /* Preview Content */,
			);
			path = Spinner;
			sourceTree = "<group>";
		};
		0DF24EE12B9FB97900FE4D27 /* Preview Content */ = {
			isa = PBXGroup;
			children = (
				0DF24EE22B9FB97900FE4D27 /* Preview Assets.xcassets */,
			);
			path = "Preview Content";
			sourceTree = "<group>";
		};
		0DF24EEB2B9FB97900FE4D27 /* SpinnerTests */ = {
			isa = PBXGroup;
			children = (
				0DF24EEC2B9FB97900FE4D27 /* SpinnerTests.swift */,
			);
			path = SpinnerTests;
			sourceTree = "<group>";
		};
		0DF24EF52B9FB97900FE4D27 /* SpinnerUITests */ = {
			isa = PBXGroup;
			children = (
				0DF24EF62B9FB97900FE4D27 /* SpinnerUITests.swift */,
				0DF24EF82B9FB97900FE4D27 /* SpinnerUITestsLaunchTests.swift */,
			);
			path = SpinnerUITests;
			sourceTree = "<group>";
		};
/* End PBXGroup section */

/* Begin PBXNativeTarget section */
		0DF24ED62B9FB97800FE4D27 /* Spinner */ = {
			isa = PBXNativeTarget;
			buildConfigurationList = 0DF24EFC2B9FB97900FE4D27 /* Build configuration list for PBXNativeTarget "Spinner" */;
			buildPhases = (
				0DF24ED32B9FB97800FE4D27 /* Sources */,
				0DF24ED42B9FB97800FE4D27 /* Frameworks */,
				0DF24ED52B9FB97800FE4D27 /* Resources */,
			);
			buildRules = (
			);
			dependencies = (
			);
			name = Spinner;
			productName = Spinner;
			productReference = 0DF24ED72B9FB97800FE4D27 /* Spinner.app */;
			productType = "com.apple.product-type.application";
		};
		0DF24EE72B9FB97900FE4D27 /* SpinnerTests */ = {
			isa = PBXNativeTarget;
			buildConfigurationList = 0DF24EFF2B9FB97900FE4D27 /* Build configuration list for PBXNativeTarget "SpinnerTests" */;
			buildPhases = (
				0DF24EE42B9FB97900FE4D27 /* Sources */,
				0DF24EE52B9FB97900FE4D27 /* Frameworks */,
				0DF24EE62B9FB97900FE4D27 /* Resources */,
			);
			buildRules = (
			);
			dependencies = (
				0DF24EEA2B9FB97900FE4D27 /* PBXTargetDependency */,
			);
			name = SpinnerTests;
			productName = SpinnerTests;
			productReference = 0DF24EE82B9FB97900FE4D27 /* SpinnerTests.xctest */;
			productType = "com.apple.product-type.bundle.unit-test";
		};
		0DF24EF12B9FB97900FE4D27 /* SpinnerUITests */ = {
			isa = PBXNativeTarget;
			buildConfigurationList = 0DF24F022B9FB97900FE4D27 /* Build configuration list for PBXNativeTarget "SpinnerUITests" */;
			buildPhases = (
				0DF24EEE2B9FB97900FE4D27 /* Sources */,
				0DF24EEF2B9FB97900FE4D27 /* Frameworks */,
				0DF24EF02B9FB97900FE4D27 /* Resources */,
			);
			buildRules = (
			);
			dependencies = (
				0DF24EF42B9FB97900FE4D27 /* PBXTargetDependency */,
			);
			name = SpinnerUITests;
			productName = SpinnerUITests;
			productReference = 0DF24EF22B9FB97900FE4D27 /* SpinnerUITests.xctest */;
			productType = "com.apple.product-type.bundle.ui-testing";
		};
/* End PBXNativeTarget section */

/* Begin PBXProject section */
		0DF24ECF2B9FB97800FE4D27 /* Project object */ = {
			isa = PBXProject;
			attributes = {
				BuildIndependentTargetsInParallel = 1;
				LastSwiftUpdateCheck = 1530;
				LastUpgradeCheck = 1540;
				TargetAttributes = {
					0DF24ED62B9FB97800FE4D27 = {
						CreatedOnToolsVersion = 15.3;
					};
					0DF24EE72B9FB97900FE4D27 = {
						CreatedOnToolsVersion = 15.3;
						TestTargetID = 0DF24ED62B9FB97800FE4D27;
					};
					0DF24EF12B9FB97900FE4D27 = {
						CreatedOnToolsVersion = 15.3;
						TestTargetID = 0DF24ED62B9FB97800FE4D27;
					};
				};
			};
			buildConfigurationList = 0DF24ED22B9FB97800FE4D27 /* Build configuration list for PBXProject "Spinner" */;
			compatibilityVersion = "Xcode 14.0";
			developmentRegion = en;
			hasScannedForEncodings = 0;
			knownRegions = (
				en,
				Base,
			);
			mainGroup = 0DF24ECE2B9FB97800FE4D27;
			productRefGroup = 0DF24ED82B9FB97800FE4D27 /* Products */;
			projectDirPath = "";
			projectRoot = "";
			targets = (
				0DF24ED62B9FB97800FE4D27 /* Spinner */,
				0DF24EE72B9FB97900FE4D27 /* SpinnerTests */,
				0DF24EF12B9FB97900FE4D27 /* SpinnerUITests */,
			);
		};
/* End PBXProject section */

/* Begin PBXResourcesBuildPhase section */
		0DF24ED52B9FB97800FE4D27 /* Resources */ = {
			isa = PBXResourcesBuildPhase;
			buildActionMask = 2147483647;
			files = (
				0DF24EE32B9FB97900FE4D27 /* Preview Assets.xcassets in Resources */,
				0DF24EDF2B9FB97900FE4D27 /* Assets.xcassets in Resources */,
			);
			runOnlyForDeploymentPostprocessing = 0;
		};
		0DF24EE62B9FB97900FE4D27 /* Resources */ = {
			isa = PBXResourcesBuildPhase;
			buildActionMask = 2147483647;
			files = (
			);
			runOnlyForDeploymentPostprocessing = 0;
		};
		0DF24EF02B9FB97900FE4D27 /* Resources */ = {
			isa = PBXResourcesBuildPhase;
			buildActionMask = 2147483647;
			files = (
			);
			runOnlyForDeploymentPostprocessing = 0;
		};
/* End PBXResourcesBuildPhase section */

/* Begin PBXSourcesBuildPhase section */
		0DF24ED32B9FB97800FE4D27 /* Sources */ = {
			isa = PBXSourcesBuildPhase;
			buildActionMask = 2147483647;
			files = (
				0DF24EDD2B9FB97800FE4D27 /* MainView.swift in Sources */,
				0D0707892BA13F68002E46AD /* WelcomeView.swift in Sources */,
				0DF24EDB2B9FB97800FE4D27 /* SpinnerApp.swift in Sources */,
				0D0707932BA16A15002E46AD /* inputListRowView.swift in Sources */,
				0D07078F2BA14C07002E46AD /* WheelSectorViewModel.swift in Sources */,
				0D911A332BA2418A00ED1C09 /* inputView.swift in Sources */,
				0D0707952BA16ADA002E46AD /* WheelSectorModel.swift in Sources */,
				0D07078D2BA14B62002E46AD /* PickerView.swift in Sources */,
			);
			runOnlyForDeploymentPostprocessing = 0;
		};
		0DF24EE42B9FB97900FE4D27 /* Sources */ = {
			isa = PBXSourcesBuildPhase;
			buildActionMask = 2147483647;
			files = (
				0DF24EED2B9FB97900FE4D27 /* SpinnerTests.swift in Sources */,
			);
			runOnlyForDeploymentPostprocessing = 0;
		};
		0DF24EEE2B9FB97900FE4D27 /* Sources */ = {
			isa = PBXSourcesBuildPhase;
			buildActionMask = 2147483647;
			files = (
				0DF24EF92B9FB97900FE4D27 /* SpinnerUITestsLaunchTests.swift in Sources */,
				0DF24EF72B9FB97900FE4D27 /* SpinnerUITests.swift in Sources */,
			);
			runOnlyForDeploymentPostprocessing = 0;
		};
/* End PBXSourcesBuildPhase section */

/* Begin PBXTargetDependency section */
		0DF24EEA2B9FB97900FE4D27 /* PBXTargetDependency */ = {
			isa = PBXTargetDependency;
			target = 0DF24ED62B9FB97800FE4D27 /* Spinner */;
			targetProxy = 0DF24EE92B9FB97900FE4D27 /* PBXContainerItemProxy */;
		};
		0DF24EF42B9FB97900FE4D27 /* PBXTargetDependency */ = {
			isa = PBXTargetDependency;
			target = 0DF24ED62B9FB97800FE4D27 /* Spinner */;
			targetProxy = 0DF24EF32B9FB97900FE4D27 /* PBXContainerItemProxy */;
		};
/* End PBXTargetDependency section */

/* Begin XCBuildConfiguration section */
		0DF24EFA2B9FB97900FE4D27 /* Debug */ = {
			isa = XCBuildConfiguration;
			buildSettings = {
				ALWAYS_SEARCH_USER_PATHS = NO;
				ASSETCATALOG_COMPILER_GENERATE_SWIFT_ASSET_SYMBOL_EXTENSIONS = YES;
				CLANG_ANALYZER_NONNULL = YES;
				CLANG_ANALYZER_NUMBER_OBJECT_CONVERSION = YES_AGGRESSIVE;
				CLANG_CXX_LANGUAGE_STANDARD = "gnu++20";
				CLANG_ENABLE_MODULES = YES;
				CLANG_ENABLE_OBJC_ARC = YES;
				CLANG_ENABLE_OBJC_WEAK = YES;
				CLANG_WARN_BLOCK_CAPTURE_AUTORELEASING = YES;
				CLANG_WARN_BOOL_CONVERSION = YES;
				CLANG_WARN_COMMA = YES;
				CLANG_WARN_CONSTANT_CONVERSION = YES;
				CLANG_WARN_DEPRECATED_OBJC_IMPLEMENTATIONS = YES;
				CLANG_WARN_DIRECT_OBJC_ISA_USAGE = YES_ERROR;
				CLANG_WARN_DOCUMENTATION_COMMENTS = YES;
				CLANG_WARN_EMPTY_BODY = YES;
				CLANG_WARN_ENUM_CONVERSION = YES;
				CLANG_WARN_INFINITE_RECURSION = YES;
				CLANG_WARN_INT_CONVERSION = YES;
				CLANG_WARN_NON_LITERAL_NULL_CONVERSION = YES;
				CLANG_WARN_OBJC_IMPLICIT_RETAIN_SELF = YES;
				CLANG_WARN_OBJC_LITERAL_CONVERSION = YES;
				CLANG_WARN_OBJC_ROOT_CLASS = YES_ERROR;
				CLANG_WARN_QUOTED_INCLUDE_IN_FRAMEWORK_HEADER = YES;
				CLANG_WARN_RANGE_LOOP_ANALYSIS = YES;
				CLANG_WARN_STRICT_PROTOTYPES = YES;
				CLANG_WARN_SUSPICIOUS_MOVE = YES;
				CLANG_WARN_UNGUARDED_AVAILABILITY = YES_AGGRESSIVE;
				CLANG_WARN_UNREACHABLE_CODE = YES;
				CLANG_WARN__DUPLICATE_METHOD_MATCH = YES;
				COPY_PHASE_STRIP = NO;
				DEAD_CODE_STRIPPING = YES;
				DEBUG_INFORMATION_FORMAT = dwarf;
				ENABLE_STRICT_OBJC_MSGSEND = YES;
				ENABLE_TESTABILITY = YES;
				ENABLE_USER_SCRIPT_SANDBOXING = YES;
				GCC_C_LANGUAGE_STANDARD = gnu17;
				GCC_DYNAMIC_NO_PIC = NO;
				GCC_NO_COMMON_BLOCKS = YES;
				GCC_OPTIMIZATION_LEVEL = 0;
				GCC_PREPROCESSOR_DEFINITIONS = (
					"DEBUG=1",
					"$(inherited)",
				);
				GCC_WARN_64_TO_32_BIT_CONVERSION = YES;
				GCC_WARN_ABOUT_RETURN_TYPE = YES_ERROR;
				GCC_WARN_UNDECLARED_SELECTOR = YES;
				GCC_WARN_UNINITIALIZED_AUTOS = YES_AGGRESSIVE;
				GCC_WARN_UNUSED_FUNCTION = YES;
				GCC_WARN_UNUSED_VARIABLE = YES;
				LOCALIZATION_PREFERS_STRING_CATALOGS = YES;
				MTL_ENABLE_DEBUG_INFO = INCLUDE_SOURCE;
				MTL_FAST_MATH = YES;
				ONLY_ACTIVE_ARCH = YES;
				SWIFT_ACTIVE_COMPILATION_CONDITIONS = "DEBUG $(inherited)";
				SWIFT_OPTIMIZATION_LEVEL = "-Onone";
			};
			name = Debug;
		};
		0DF24EFB2B9FB97900FE4D27 /* Release */ = {
			isa = XCBuildConfiguration;
			buildSettings = {
				ALWAYS_SEARCH_USER_PATHS = NO;
				ASSETCATALOG_COMPILER_GENERATE_SWIFT_ASSET_SYMBOL_EXTENSIONS = YES;
				CLANG_ANALYZER_NONNULL = YES;
				CLANG_ANALYZER_NUMBER_OBJECT_CONVERSION = YES_AGGRESSIVE;
				CLANG_CXX_LANGUAGE_STANDARD = "gnu++20";
				CLANG_ENABLE_MODULES = YES;
				CLANG_ENABLE_OBJC_ARC = YES;
				CLANG_ENABLE_OBJC_WEAK = YES;
				CLANG_WARN_BLOCK_CAPTURE_AUTORELEASING = YES;
				CLANG_WARN_BOOL_CONVERSION = YES;
				CLANG_WARN_COMMA = YES;
				CLANG_WARN_CONSTANT_CONVERSION = YES;
				CLANG_WARN_DEPRECATED_OBJC_IMPLEMENTATIONS = YES;
				CLANG_WARN_DIRECT_OBJC_ISA_USAGE = YES_ERROR;
				CLANG_WARN_DOCUMENTATION_COMMENTS = YES;
				CLANG_WARN_EMPTY_BODY = YES;
				CLANG_WARN_ENUM_CONVERSION = YES;
				CLANG_WARN_INFINITE_RECURSION = YES;
				CLANG_WARN_INT_CONVERSION = YES;
				CLANG_WARN_NON_LITERAL_NULL_CONVERSION = YES;
				CLANG_WARN_OBJC_IMPLICIT_RETAIN_SELF = YES;
				CLANG_WARN_OBJC_LITERAL_CONVERSION = YES;
				CLANG_WARN_OBJC_ROOT_CLASS = YES_ERROR;
				CLANG_WARN_QUOTED_INCLUDE_IN_FRAMEWORK_HEADER = YES;
				CLANG_WARN_RANGE_LOOP_ANALYSIS = YES;
				CLANG_WARN_STRICT_PROTOTYPES = YES;
				CLANG_WARN_SUSPICIOUS_MOVE = YES;
				CLANG_WARN_UNGUARDED_AVAILABILITY = YES_AGGRESSIVE;
				CLANG_WARN_UNREACHABLE_CODE = YES;
				CLANG_WARN__DUPLICATE_METHOD_MATCH = YES;
				COPY_PHASE_STRIP = NO;
				DEAD_CODE_STRIPPING = YES;
				DEBUG_INFORMATION_FORMAT = "dwarf-with-dsym";
				ENABLE_NS_ASSERTIONS = NO;
				ENABLE_STRICT_OBJC_MSGSEND = YES;
				ENABLE_USER_SCRIPT_SANDBOXING = YES;
				GCC_C_LANGUAGE_STANDARD = gnu17;
				GCC_NO_COMMON_BLOCKS = YES;
				GCC_WARN_64_TO_32_BIT_CONVERSION = YES;
				GCC_WARN_ABOUT_RETURN_TYPE = YES_ERROR;
				GCC_WARN_UNDECLARED_SELECTOR = YES;
				GCC_WARN_UNINITIALIZED_AUTOS = YES_AGGRESSIVE;
				GCC_WARN_UNUSED_FUNCTION = YES;
				GCC_WARN_UNUSED_VARIABLE = YES;
				LOCALIZATION_PREFERS_STRING_CATALOGS = YES;
				MTL_ENABLE_DEBUG_INFO = NO;
				MTL_FAST_MATH = YES;
				SWIFT_COMPILATION_MODE = wholemodule;
			};
			name = Release;
		};
		0DF24EFD2B9FB97900FE4D27 /* Debug */ = {
			isa = XCBuildConfiguration;
			buildSettings = {
				ASSETCATALOG_COMPILER_APPICON_NAME = AppIcon;
				ASSETCATALOG_COMPILER_GLOBAL_ACCENT_COLOR_NAME = AccentColor;
				CODE_SIGN_ENTITLEMENTS = Spinner/Spinner.entitlements;
				CODE_SIGN_STYLE = Automatic;
				CURRENT_PROJECT_VERSION = 1;
				DEAD_CODE_STRIPPING = YES;
				DEVELOPMENT_ASSET_PATHS = "\"Spinner/Preview Content\"";
				DEVELOPMENT_TEAM = A8X5G8WQC8;
				ENABLE_HARDENED_RUNTIME = YES;
				ENABLE_PREVIEWS = YES;
				GENERATE_INFOPLIST_FILE = YES;
				"INFOPLIST_KEY_UIApplicationSceneManifest_Generation[sdk=iphoneos*]" = YES;
				"INFOPLIST_KEY_UIApplicationSceneManifest_Generation[sdk=iphonesimulator*]" = YES;
				"INFOPLIST_KEY_UIApplicationSupportsIndirectInputEvents[sdk=iphoneos*]" = YES;
				"INFOPLIST_KEY_UIApplicationSupportsIndirectInputEvents[sdk=iphonesimulator*]" = YES;
				"INFOPLIST_KEY_UILaunchScreen_Generation[sdk=iphoneos*]" = YES;
				"INFOPLIST_KEY_UILaunchScreen_Generation[sdk=iphonesimulator*]" = YES;
				"INFOPLIST_KEY_UIStatusBarStyle[sdk=iphoneos*]" = UIStatusBarStyleDefault;
				"INFOPLIST_KEY_UIStatusBarStyle[sdk=iphonesimulator*]" = UIStatusBarStyleDefault;
				INFOPLIST_KEY_UISupportedInterfaceOrientations_iPad = "UIInterfaceOrientationPortrait UIInterfaceOrientationPortraitUpsideDown UIInterfaceOrientationLandscapeLeft UIInterfaceOrientationLandscapeRight";
				INFOPLIST_KEY_UISupportedInterfaceOrientations_iPhone = "UIInterfaceOrientationPortrait UIInterfaceOrientationLandscapeLeft UIInterfaceOrientationLandscapeRight";
				IPHONEOS_DEPLOYMENT_TARGET = 17.4;
				LD_RUNPATH_SEARCH_PATHS = "@executable_path/Frameworks";
				"LD_RUNPATH_SEARCH_PATHS[sdk=macosx*]" = "@executable_path/../Frameworks";
				MACOSX_DEPLOYMENT_TARGET = 14.4;
				MARKETING_VERSION = 1.0;
				PRODUCT_BUNDLE_IDENTIFIER = Ubaka.Spinner;
				PRODUCT_NAME = "$(TARGET_NAME)";
				SDKROOT = auto;
				SUPPORTED_PLATFORMS = "iphoneos iphonesimulator macosx";
				SWIFT_EMIT_LOC_STRINGS = YES;
				SWIFT_VERSION = 5.0;
				TARGETED_DEVICE_FAMILY = "1,2";
			};
			name = Debug;
		};
		0DF24EFE2B9FB97900FE4D27 /* Release */ = {
			isa = XCBuildConfiguration;
			buildSettings = {
				ASSETCATALOG_COMPILER_APPICON_NAME = AppIcon;
				ASSETCATALOG_COMPILER_GLOBAL_ACCENT_COLOR_NAME = AccentColor;
				CODE_SIGN_ENTITLEMENTS = Spinner/Spinner.entitlements;
				CODE_SIGN_STYLE = Automatic;
				CURRENT_PROJECT_VERSION = 1;
				DEAD_CODE_STRIPPING = YES;
				DEVELOPMENT_ASSET_PATHS = "\"Spinner/Preview Content\"";
				DEVELOPMENT_TEAM = A8X5G8WQC8;
				ENABLE_HARDENED_RUNTIME = YES;
				ENABLE_PREVIEWS = YES;
				GENERATE_INFOPLIST_FILE = YES;
				"INFOPLIST_KEY_UIApplicationSceneManifest_Generation[sdk=iphoneos*]" = YES;
				"INFOPLIST_KEY_UIApplicationSceneManifest_Generation[sdk=iphonesimulator*]" = YES;
				"INFOPLIST_KEY_UIApplicationSupportsIndirectInputEvents[sdk=iphoneos*]" = YES;
				"INFOPLIST_KEY_UIApplicationSupportsIndirectInputEvents[sdk=iphonesimulator*]" = YES;
				"INFOPLIST_KEY_UILaunchScreen_Generation[sdk=iphoneos*]" = YES;
				"INFOPLIST_KEY_UILaunchScreen_Generation[sdk=iphonesimulator*]" = YES;
				"INFOPLIST_KEY_UIStatusBarStyle[sdk=iphoneos*]" = UIStatusBarStyleDefault;
				"INFOPLIST_KEY_UIStatusBarStyle[sdk=iphonesimulator*]" = UIStatusBarStyleDefault;
				INFOPLIST_KEY_UISupportedInterfaceOrientations_iPad = "UIInterfaceOrientationPortrait UIInterfaceOrientationPortraitUpsideDown UIInterfaceOrientationLandscapeLeft UIInterfaceOrientationLandscapeRight";
				INFOPLIST_KEY_UISupportedInterfaceOrientations_iPhone = "UIInterfaceOrientationPortrait UIInterfaceOrientationLandscapeLeft UIInterfaceOrientationLandscapeRight";
				IPHONEOS_DEPLOYMENT_TARGET = 17.4;
				LD_RUNPATH_SEARCH_PATHS = "@executable_path/Frameworks";
				"LD_RUNPATH_SEARCH_PATHS[sdk=macosx*]" = "@executable_path/../Frameworks";
				MACOSX_DEPLOYMENT_TARGET = 14.4;
				MARKETING_VERSION = 1.0;
				PRODUCT_BUNDLE_IDENTIFIER = Ubaka.Spinner;
				PRODUCT_NAME = "$(TARGET_NAME)";
				SDKROOT = auto;
				SUPPORTED_PLATFORMS = "iphoneos iphonesimulator macosx";
				SWIFT_EMIT_LOC_STRINGS = YES;
				SWIFT_VERSION = 5.0;
				TARGETED_DEVICE_FAMILY = "1,2";
			};
			name = Release;
		};
		0DF24F002B9FB97900FE4D27 /* Debug */ = {
			isa = XCBuildConfiguration;
			buildSettings = {
				ALWAYS_EMBED_SWIFT_STANDARD_LIBRARIES = YES;
				BUNDLE_LOADER = "$(TEST_HOST)";
				CODE_SIGN_STYLE = Automatic;
				CURRENT_PROJECT_VERSION = 1;
				DEAD_CODE_STRIPPING = YES;
				DEVELOPMENT_TEAM = A8X5G8WQC8;
				GENERATE_INFOPLIST_FILE = YES;
				IPHONEOS_DEPLOYMENT_TARGET = 17.4;
				MACOSX_DEPLOYMENT_TARGET = 14.4;
				MARKETING_VERSION = 1.0;
				PRODUCT_BUNDLE_IDENTIFIER = Ubaka.SpinnerTests;
				PRODUCT_NAME = "$(TARGET_NAME)";
				SDKROOT = auto;
				SUPPORTED_PLATFORMS = "iphoneos iphonesimulator macosx";
				SWIFT_EMIT_LOC_STRINGS = NO;
				SWIFT_VERSION = 5.0;
				TARGETED_DEVICE_FAMILY = "1,2";
				TEST_HOST = "$(BUILT_PRODUCTS_DIR)/Spinner.app/$(BUNDLE_EXECUTABLE_FOLDER_PATH)/Spinner";
			};
			name = Debug;
		};
		0DF24F012B9FB97900FE4D27 /* Release */ = {
			isa = XCBuildConfiguration;
			buildSettings = {
				ALWAYS_EMBED_SWIFT_STANDARD_LIBRARIES = YES;
				BUNDLE_LOADER = "$(TEST_HOST)";
				CODE_SIGN_STYLE = Automatic;
				CURRENT_PROJECT_VERSION = 1;
				DEAD_CODE_STRIPPING = YES;
				DEVELOPMENT_TEAM = A8X5G8WQC8;
				GENERATE_INFOPLIST_FILE = YES;
				IPHONEOS_DEPLOYMENT_TARGET = 17.4;
				MACOSX_DEPLOYMENT_TARGET = 14.4;
				MARKETING_VERSION = 1.0;
				PRODUCT_BUNDLE_IDENTIFIER = Ubaka.SpinnerTests;
				PRODUCT_NAME = "$(TARGET_NAME)";
				SDKROOT = auto;
				SUPPORTED_PLATFORMS = "iphoneos iphonesimulator macosx";
				SWIFT_EMIT_LOC_STRINGS = NO;
				SWIFT_VERSION = 5.0;
				TARGETED_DEVICE_FAMILY = "1,2";
				TEST_HOST = "$(BUILT_PRODUCTS_DIR)/Spinner.app/$(BUNDLE_EXECUTABLE_FOLDER_PATH)/Spinner";
			};
			name = Release;
		};
		0DF24F032B9FB97900FE4D27 /* Debug */ = {
			isa = XCBuildConfiguration;
			buildSettings = {
				ALWAYS_EMBED_SWIFT_STANDARD_LIBRARIES = YES;
				CODE_SIGN_STYLE = Automatic;
				CURRENT_PROJECT_VERSION = 1;
				DEAD_CODE_STRIPPING = YES;
				DEVELOPMENT_TEAM = A8X5G8WQC8;
				GENERATE_INFOPLIST_FILE = YES;
				IPHONEOS_DEPLOYMENT_TARGET = 17.4;
				MACOSX_DEPLOYMENT_TARGET = 14.4;
				MARKETING_VERSION = 1.0;
				PRODUCT_BUNDLE_IDENTIFIER = Ubaka.SpinnerUITests;
				PRODUCT_NAME = "$(TARGET_NAME)";
				SDKROOT = auto;
				SUPPORTED_PLATFORMS = "iphoneos iphonesimulator macosx";
				SWIFT_EMIT_LOC_STRINGS = NO;
				SWIFT_VERSION = 5.0;
				TARGETED_DEVICE_FAMILY = "1,2";
				TEST_TARGET_NAME = Spinner;
			};
			name = Debug;
		};
		0DF24F042B9FB97900FE4D27 /* Release */ = {
			isa = XCBuildConfiguration;
			buildSettings = {
				ALWAYS_EMBED_SWIFT_STANDARD_LIBRARIES = YES;
				CODE_SIGN_STYLE = Automatic;
				CURRENT_PROJECT_VERSION = 1;
				DEAD_CODE_STRIPPING = YES;
				DEVELOPMENT_TEAM = A8X5G8WQC8;
				GENERATE_INFOPLIST_FILE = YES;
				IPHONEOS_DEPLOYMENT_TARGET = 17.4;
				MACOSX_DEPLOYMENT_TARGET = 14.4;
				MARKETING_VERSION = 1.0;
				PRODUCT_BUNDLE_IDENTIFIER = Ubaka.SpinnerUITests;
				PRODUCT_NAME = "$(TARGET_NAME)";
				SDKROOT = auto;
				SUPPORTED_PLATFORMS = "iphoneos iphonesimulator macosx";
				SWIFT_EMIT_LOC_STRINGS = NO;
				SWIFT_VERSION = 5.0;
				TARGETED_DEVICE_FAMILY = "1,2";
				TEST_TARGET_NAME = Spinner;
			};
			name = Release;
		};
/* End XCBuildConfiguration section */

/* Begin XCConfigurationList section */
		0DF24ED22B9FB97800FE4D27 /* Build configuration list for PBXProject "Spinner" */ = {
			isa = XCConfigurationList;
			buildConfigurations = (
				0DF24EFA2B9FB97900FE4D27 /* Debug */,
				0DF24EFB2B9FB97900FE4D27 /* Release */,
			);
			defaultConfigurationIsVisible = 0;
			defaultConfigurationName = Release;
		};
		0DF24EFC2B9FB97900FE4D27 /* Build configuration list for PBXNativeTarget "Spinner" */ = {
			isa = XCConfigurationList;
			buildConfigurations = (
				0DF24EFD2B9FB97900FE4D27 /* Debug */,
				0DF24EFE2B9FB97900FE4D27 /* Release */,
			);
			defaultConfigurationIsVisible = 0;
			defaultConfigurationName = Release;
		};
		0DF24EFF2B9FB97900FE4D27 /* Build configuration list for PBXNativeTarget "SpinnerTests" */ = {
			isa = XCConfigurationList;
			buildConfigurations = (
				0DF24F002B9FB97900FE4D27 /* Debug */,
				0DF24F012B9FB97900FE4D27 /* Release */,
			);
			defaultConfigurationIsVisible = 0;
			defaultConfigurationName = Release;
		};
		0DF24F022B9FB97900FE4D27 /* Build configuration list for PBXNativeTarget "SpinnerUITests" */ = {
			isa = XCConfigurationList;
			buildConfigurations = (
				0DF24F032B9FB97900FE4D27 /* Debug */,
				0DF24F042B9FB97900FE4D27 /* Release */,
			);
			defaultConfigurationIsVisible = 0;
			defaultConfigurationName = Release;
		};
/* End XCConfigurationList section */
	};
	rootObject = 0DF24ECF2B9FB97800FE4D27 /* Project object */;
}
